// !$*UTF8*$!
{
	archiveVersion = 1;
	classes = {
	};
	objectVersion = 50;
	objects = {

/* Begin PBXBuildFile section */
		0181C2312146677000E9F821 /* AppDelegate.swift in Sources */ = {isa = PBXBuildFile; fileRef = 0181C2302146677000E9F821 /* AppDelegate.swift */; };
		0181C2362146677000E9F821 /* Main.storyboard in Resources */ = {isa = PBXBuildFile; fileRef = 0181C2342146677000E9F821 /* Main.storyboard */; };
		0181C2392146677000E9F821 /* Evrika.xcdatamodeld in Sources */ = {isa = PBXBuildFile; fileRef = 0181C2372146677000E9F821 /* Evrika.xcdatamodeld */; };
		0181C23B2146677100E9F821 /* Assets.xcassets in Resources */ = {isa = PBXBuildFile; fileRef = 0181C23A2146677100E9F821 /* Assets.xcassets */; };
		0181C23E2146677100E9F821 /* LaunchScreen.storyboard in Resources */ = {isa = PBXBuildFile; fileRef = 0181C23C2146677100E9F821 /* LaunchScreen.storyboard */; };
		0181C2462146677100E9F821 /* LoginVC.swift in Sources */ = {isa = PBXBuildFile; fileRef = 0181C2452146677100E9F821 /* LoginVC.swift */; };
		0181C2482146677100E9F821 /* GetStartedVC.swift in Sources */ = {isa = PBXBuildFile; fileRef = 0181C2472146677100E9F821 /* GetStartedVC.swift */; };
		0181C24A21466DB300E9F821 /* CandidateHomeVC.swift in Sources */ = {isa = PBXBuildFile; fileRef = 0181C24921466DB300E9F821 /* CandidateHomeVC.swift */; };
		01EDA9F32147FC8A0095F89C /* CardView.swift in Sources */ = {isa = PBXBuildFile; fileRef = 01EDA9F22147FC8A0095F89C /* CardView.swift */; };
		01EDA9F6214908C00095F89C /* SkillDetailCell.swift in Sources */ = {isa = PBXBuildFile; fileRef = 01EDA9F4214908C00095F89C /* SkillDetailCell.swift */; };
		01EDA9F7214908C00095F89C /* SkillDetailCell.xib in Resources */ = {isa = PBXBuildFile; fileRef = 01EDA9F5214908C00095F89C /* SkillDetailCell.xib */; };
		01EFE4AA2146C188002ADA25 /* NearbyJobsVC.swift in Sources */ = {isa = PBXBuildFile; fileRef = 01EFE4A92146C188002ADA25 /* NearbyJobsVC.swift */; };
		01EFE4AC2147C401002ADA25 /* JobDetailVC.swift in Sources */ = {isa = PBXBuildFile; fileRef = 01EFE4AB2147C401002ADA25 /* JobDetailVC.swift */; };
		01F14D66214670FB00D8F0BA /* ProfileVC.swift in Sources */ = {isa = PBXBuildFile; fileRef = 01F14D65214670FB00D8F0BA /* ProfileVC.swift */; };
		01F14D692146B10E00D8F0BA /* SkillCell.swift in Sources */ = {isa = PBXBuildFile; fileRef = 01F14D672146B10E00D8F0BA /* SkillCell.swift */; };
		01F14D6A2146B10E00D8F0BA /* SkillCell.xib in Resources */ = {isa = PBXBuildFile; fileRef = 01F14D682146B10E00D8F0BA /* SkillCell.xib */; };
		DB8345551E8B67484CEF3DC2 /* Pods_Evrika.framework in Frameworks */ = {isa = PBXBuildFile; fileRef = 334DCDD63B742441F61FBB78 /* Pods_Evrika.framework */; };
/* End PBXBuildFile section */

/* Begin PBXFileReference section */
		0181C22D2146677000E9F821 /* Evrika.app */ = {isa = PBXFileReference; explicitFileType = wrapper.application; includeInIndex = 0; path = Evrika.app; sourceTree = BUILT_PRODUCTS_DIR; };
		0181C2302146677000E9F821 /* AppDelegate.swift */ = {isa = PBXFileReference; lastKnownFileType = sourcecode.swift; path = AppDelegate.swift; sourceTree = "<group>"; };
		0181C2352146677000E9F821 /* Base */ = {isa = PBXFileReference; lastKnownFileType = file.storyboard; name = Base; path = Base.lproj/Main.storyboard; sourceTree = "<group>"; };
		0181C2382146677000E9F821 /* Evrika.xcdatamodel */ = {isa = PBXFileReference; lastKnownFileType = wrapper.xcdatamodel; path = Evrika.xcdatamodel; sourceTree = "<group>"; };
		0181C23A2146677100E9F821 /* Assets.xcassets */ = {isa = PBXFileReference; lastKnownFileType = folder.assetcatalog; path = Assets.xcassets; sourceTree = "<group>"; };
		0181C23D2146677100E9F821 /* Base */ = {isa = PBXFileReference; lastKnownFileType = file.storyboard; name = Base; path = Base.lproj/LaunchScreen.storyboard; sourceTree = "<group>"; };
		0181C23F2146677100E9F821 /* Info.plist */ = {isa = PBXFileReference; lastKnownFileType = text.plist.xml; path = Info.plist; sourceTree = "<group>"; };
		0181C2452146677100E9F821 /* LoginVC.swift */ = {isa = PBXFileReference; lastKnownFileType = sourcecode.swift; path = LoginVC.swift; sourceTree = "<group>"; };
		0181C2472146677100E9F821 /* GetStartedVC.swift */ = {isa = PBXFileReference; lastKnownFileType = sourcecode.swift; path = GetStartedVC.swift; sourceTree = "<group>"; };
		0181C24921466DB300E9F821 /* CandidateHomeVC.swift */ = {isa = PBXFileReference; lastKnownFileType = sourcecode.swift; path = CandidateHomeVC.swift; sourceTree = "<group>"; };
		01EDA9F22147FC8A0095F89C /* CardView.swift */ = {isa = PBXFileReference; lastKnownFileType = sourcecode.swift; path = CardView.swift; sourceTree = "<group>"; };
		01EDA9F4214908C00095F89C /* SkillDetailCell.swift */ = {isa = PBXFileReference; lastKnownFileType = sourcecode.swift; path = SkillDetailCell.swift; sourceTree = "<group>"; };
		01EDA9F5214908C00095F89C /* SkillDetailCell.xib */ = {isa = PBXFileReference; lastKnownFileType = file.xib; path = SkillDetailCell.xib; sourceTree = "<group>"; };
		01EFE4A92146C188002ADA25 /* NearbyJobsVC.swift */ = {isa = PBXFileReference; lastKnownFileType = sourcecode.swift; path = NearbyJobsVC.swift; sourceTree = "<group>"; };
		01EFE4AB2147C401002ADA25 /* JobDetailVC.swift */ = {isa = PBXFileReference; lastKnownFileType = sourcecode.swift; path = JobDetailVC.swift; sourceTree = "<group>"; };
		01F14D65214670FB00D8F0BA /* ProfileVC.swift */ = {isa = PBXFileReference; lastKnownFileType = sourcecode.swift; path = ProfileVC.swift; sourceTree = "<group>"; };
		01F14D672146B10E00D8F0BA /* SkillCell.swift */ = {isa = PBXFileReference; lastKnownFileType = sourcecode.swift; path = SkillCell.swift; sourceTree = "<group>"; };
		01F14D682146B10E00D8F0BA /* SkillCell.xib */ = {isa = PBXFileReference; lastKnownFileType = file.xib; path = SkillCell.xib; sourceTree = "<group>"; };
		1B43622DD635B0FB64849E7D /* Pods-Evrika.debug.xcconfig */ = {isa = PBXFileReference; includeInIndex = 1; lastKnownFileType = text.xcconfig; name = "Pods-Evrika.debug.xcconfig"; path = "Pods/Target Support Files/Pods-Evrika/Pods-Evrika.debug.xcconfig"; sourceTree = "<group>"; };
		268A3950B1AFD553AE9EA0F0 /* Pods-Evrika.release.xcconfig */ = {isa = PBXFileReference; includeInIndex = 1; lastKnownFileType = text.xcconfig; name = "Pods-Evrika.release.xcconfig"; path = "Pods/Target Support Files/Pods-Evrika/Pods-Evrika.release.xcconfig"; sourceTree = "<group>"; };
		334DCDD63B742441F61FBB78 /* Pods_Evrika.framework */ = {isa = PBXFileReference; explicitFileType = wrapper.framework; includeInIndex = 0; path = Pods_Evrika.framework; sourceTree = BUILT_PRODUCTS_DIR; };
/* End PBXFileReference section */

/* Begin PBXFrameworksBuildPhase section */
		0181C22A2146677000E9F821 /* Frameworks */ = {
			isa = PBXFrameworksBuildPhase;
			buildActionMask = 2147483647;
			files = (
				DB8345551E8B67484CEF3DC2 /* Pods_Evrika.framework in Frameworks */,
			);
			runOnlyForDeploymentPostprocessing = 0;
		};
/* End PBXFrameworksBuildPhase section */

/* Begin PBXGroup section */
		0181C2242146676F00E9F821 = {
			isa = PBXGroup;
			children = (
				0181C22F2146677000E9F821 /* Evrika */,
				0181C22E2146677000E9F821 /* Products */,
				AB23603E463328346C5DC66A /* Pods */,
				D5315B7B6D9B428361B83173 /* Frameworks */,
			);
			sourceTree = "<group>";
		};
		0181C22E2146677000E9F821 /* Products */ = {
			isa = PBXGroup;
			children = (
				0181C22D2146677000E9F821 /* Evrika.app */,
			);
			name = Products;
			sourceTree = "<group>";
		};
		0181C22F2146677000E9F821 /* Evrika */ = {
			isa = PBXGroup;
			children = (
				0181C2302146677000E9F821 /* AppDelegate.swift */,
				0181C2342146677000E9F821 /* Main.storyboard */,
				0181C23A2146677100E9F821 /* Assets.xcassets */,
				0181C23C2146677100E9F821 /* LaunchScreen.storyboard */,
				0181C23F2146677100E9F821 /* Info.plist */,
				0181C2372146677000E9F821 /* Evrika.xcdatamodeld */,
				0181C2452146677100E9F821 /* LoginVC.swift */,
				0181C2472146677100E9F821 /* GetStartedVC.swift */,
				0181C24921466DB300E9F821 /* CandidateHomeVC.swift */,
				01F14D65214670FB00D8F0BA /* ProfileVC.swift */,
				01F14D672146B10E00D8F0BA /* SkillCell.swift */,
				01F14D682146B10E00D8F0BA /* SkillCell.xib */,
				01EFE4A92146C188002ADA25 /* NearbyJobsVC.swift */,
				01EFE4AB2147C401002ADA25 /* JobDetailVC.swift */,
				01EDA9F22147FC8A0095F89C /* CardView.swift */,
				01EDA9F4214908C00095F89C /* SkillDetailCell.swift */,
				01EDA9F5214908C00095F89C /* SkillDetailCell.xib */,
			);
			path = Evrika;
			sourceTree = "<group>";
		};
		AB23603E463328346C5DC66A /* Pods */ = {
			isa = PBXGroup;
			children = (
				1B43622DD635B0FB64849E7D /* Pods-Evrika.debug.xcconfig */,
				268A3950B1AFD553AE9EA0F0 /* Pods-Evrika.release.xcconfig */,
			);
			name = Pods;
			sourceTree = "<group>";
		};
		D5315B7B6D9B428361B83173 /* Frameworks */ = {
			isa = PBXGroup;
			children = (
				334DCDD63B742441F61FBB78 /* Pods_Evrika.framework */,
			);
			name = Frameworks;
			sourceTree = "<group>";
		};
/* End PBXGroup section */

/* Begin PBXNativeTarget section */
		0181C22C2146677000E9F821 /* Evrika */ = {
			isa = PBXNativeTarget;
			buildConfigurationList = 0181C2422146677100E9F821 /* Build configuration list for PBXNativeTarget "Evrika" */;
			buildPhases = (
				9D31A3D6BC463E019648EBC9 /* [CP] Check Pods Manifest.lock */,
				0181C2292146677000E9F821 /* Sources */,
				0181C22A2146677000E9F821 /* Frameworks */,
				0181C22B2146677000E9F821 /* Resources */,
				811095DF34185CA5E4C3996A /* [CP] Embed Pods Frameworks */,
				7661219079CEB9ADE5477C9B /* [CP] Copy Pods Resources */,
			);
			buildRules = (
			);
			dependencies = (
			);
			name = Evrika;
			productName = Evrika;
			productReference = 0181C22D2146677000E9F821 /* Evrika.app */;
			productType = "com.apple.product-type.application";
		};
/* End PBXNativeTarget section */

/* Begin PBXProject section */
		0181C2252146676F00E9F821 /* Project object */ = {
			isa = PBXProject;
			attributes = {
				LastSwiftUpdateCheck = 0930;
				LastUpgradeCheck = 0930;
				ORGANIZATIONNAME = "Talent Center";
				TargetAttributes = {
					0181C22C2146677000E9F821 = {
						CreatedOnToolsVersion = 9.3.1;
					};
				};
			};
			buildConfigurationList = 0181C2282146676F00E9F821 /* Build configuration list for PBXProject "Evrika" */;
			compatibilityVersion = "Xcode 9.3";
			developmentRegion = en;
			hasScannedForEncodings = 0;
			knownRegions = (
				en,
				Base,
			);
			mainGroup = 0181C2242146676F00E9F821;
			productRefGroup = 0181C22E2146677000E9F821 /* Products */;
			projectDirPath = "";
			projectRoot = "";
			targets = (
				0181C22C2146677000E9F821 /* Evrika */,
			);
		};
/* End PBXProject section */

/* Begin PBXResourcesBuildPhase section */
		0181C22B2146677000E9F821 /* Resources */ = {
			isa = PBXResourcesBuildPhase;
			buildActionMask = 2147483647;
			files = (
				0181C23E2146677100E9F821 /* LaunchScreen.storyboard in Resources */,
				01F14D6A2146B10E00D8F0BA /* SkillCell.xib in Resources */,
				01EDA9F7214908C00095F89C /* SkillDetailCell.xib in Resources */,
				0181C23B2146677100E9F821 /* Assets.xcassets in Resources */,
				0181C2362146677000E9F821 /* Main.storyboard in Resources */,
			);
			runOnlyForDeploymentPostprocessing = 0;
		};
/* End PBXResourcesBuildPhase section */

/* Begin PBXShellScriptBuildPhase section */
		7661219079CEB9ADE5477C9B /* [CP] Copy Pods Resources */ = {
			isa = PBXShellScriptBuildPhase;
			buildActionMask = 2147483647;
			files = (
			);
			inputPaths = (
			);
			name = "[CP] Copy Pods Resources";
			outputPaths = (
			);
			runOnlyForDeploymentPostprocessing = 0;
			shellPath = /bin/sh;
			shellScript = "\"${SRCROOT}/Pods/Target Support Files/Pods-Evrika/Pods-Evrika-resources.sh\"\n";
			showEnvVarsInLog = 0;
		};
		811095DF34185CA5E4C3996A /* [CP] Embed Pods Frameworks */ = {
			isa = PBXShellScriptBuildPhase;
			buildActionMask = 2147483647;
			files = (
			);
			inputPaths = (
				"${SRCROOT}/Pods/Target Support Files/Pods-Evrika/Pods-Evrika-frameworks.sh",
				"${BUILT_PRODUCTS_DIR}/AZTabBar/AZTabBar.framework",
				"${BUILT_PRODUCTS_DIR}/EasyNotificationBadge/EasyNotificationBadge.framework",
			);
			name = "[CP] Embed Pods Frameworks";
			outputPaths = (
				"${TARGET_BUILD_DIR}/${FRAMEWORKS_FOLDER_PATH}/AZTabBar.framework",
				"${TARGET_BUILD_DIR}/${FRAMEWORKS_FOLDER_PATH}/EasyNotificationBadge.framework",
			);
			runOnlyForDeploymentPostprocessing = 0;
			shellPath = /bin/sh;
			shellScript = "\"${SRCROOT}/Pods/Target Support Files/Pods-Evrika/Pods-Evrika-frameworks.sh\"\n";
			showEnvVarsInLog = 0;
		};
		9D31A3D6BC463E019648EBC9 /* [CP] Check Pods Manifest.lock */ = {
			isa = PBXShellScriptBuildPhase;
			buildActionMask = 2147483647;
			files = (
			);
			inputPaths = (
				"${PODS_PODFILE_DIR_PATH}/Podfile.lock",
				"${PODS_ROOT}/Manifest.lock",
			);
			name = "[CP] Check Pods Manifest.lock";
			outputPaths = (
				"$(DERIVED_FILE_DIR)/Pods-Evrika-checkManifestLockResult.txt",
			);
			runOnlyForDeploymentPostprocessing = 0;
			shellPath = /bin/sh;
			shellScript = "diff \"${PODS_PODFILE_DIR_PATH}/Podfile.lock\" \"${PODS_ROOT}/Manifest.lock\" > /dev/null\nif [ $? != 0 ] ; then\n    # print error to STDERR\n    echo \"error: The sandbox is not in sync with the Podfile.lock. Run 'pod install' or update your CocoaPods installation.\" >&2\n    exit 1\nfi\n# This output is used by Xcode 'outputs' to avoid re-running this script phase.\necho \"SUCCESS\" > \"${SCRIPT_OUTPUT_FILE_0}\"\n";
			showEnvVarsInLog = 0;
		};
/* End PBXShellScriptBuildPhase section */

/* Begin PBXSourcesBuildPhase section */
		0181C2292146677000E9F821 /* Sources */ = {
			isa = PBXSourcesBuildPhase;
			buildActionMask = 2147483647;
			files = (
				01EDA9F6214908C00095F89C /* SkillDetailCell.swift in Sources */,
				01F14D66214670FB00D8F0BA /* ProfileVC.swift in Sources */,
				0181C2392146677000E9F821 /* Evrika.xcdatamodeld in Sources */,
				01F14D692146B10E00D8F0BA /* SkillCell.swift in Sources */,
				0181C24A21466DB300E9F821 /* CandidateHomeVC.swift in Sources */,
				01EDA9F32147FC8A0095F89C /* CardView.swift in Sources */,
				0181C2482146677100E9F821 /* GetStartedVC.swift in Sources */,
				01EFE4AC2147C401002ADA25 /* JobDetailVC.swift in Sources */,
				01EFE4AA2146C188002ADA25 /* NearbyJobsVC.swift in Sources */,
				0181C2312146677000E9F821 /* AppDelegate.swift in Sources */,
				0181C2462146677100E9F821 /* LoginVC.swift in Sources */,
			);
			runOnlyForDeploymentPostprocessing = 0;
		};
/* End PBXSourcesBuildPhase section */

/* Begin PBXVariantGroup section */
		0181C2342146677000E9F821 /* Main.storyboard */ = {
			isa = PBXVariantGroup;
			children = (
				0181C2352146677000E9F821 /* Base */,
			);
			name = Main.storyboard;
			sourceTree = "<group>";
		};
		0181C23C2146677100E9F821 /* LaunchScreen.storyboard */ = {
			isa = PBXVariantGroup;
			children = (
				0181C23D2146677100E9F821 /* Base */,
			);
			name = LaunchScreen.storyboard;
			sourceTree = "<group>";
		};
/* End PBXVariantGroup section */

/* Begin XCBuildConfiguration section */
		0181C2402146677100E9F821 /* Debug */ = {
			isa = XCBuildConfiguration;
			buildSettings = {
				ALWAYS_SEARCH_USER_PATHS = NO;
				CLANG_ANALYZER_NONNULL = YES;
				CLANG_ANALYZER_NUMBER_OBJECT_CONVERSION = YES_AGGRESSIVE;
				CLANG_CXX_LANGUAGE_STANDARD = "gnu++14";
				CLANG_CXX_LIBRARY = "libc++";
				CLANG_ENABLE_MODULES = YES;
				CLANG_ENABLE_OBJC_ARC = YES;
				CLANG_ENABLE_OBJC_WEAK = YES;
				CLANG_WARN_BLOCK_CAPTURE_AUTORELEASING = YES;
				CLANG_WARN_BOOL_CONVERSION = YES;
				CLANG_WARN_COMMA = YES;
				CLANG_WARN_CONSTANT_CONVERSION = YES;
				CLANG_WARN_DEPRECATED_OBJC_IMPLEMENTATIONS = YES;
				CLANG_WARN_DIRECT_OBJC_ISA_USAGE = YES_ERROR;
				CLANG_WARN_DOCUMENTATION_COMMENTS = YES;
				CLANG_WARN_EMPTY_BODY = YES;
				CLANG_WARN_ENUM_CONVERSION = YES;
				CLANG_WARN_INFINITE_RECURSION = YES;
				CLANG_WARN_INT_CONVERSION = YES;
				CLANG_WARN_NON_LITERAL_NULL_CONVERSION = YES;
				CLANG_WARN_OBJC_IMPLICIT_RETAIN_SELF = YES;
				CLANG_WARN_OBJC_LITERAL_CONVERSION = YES;
				CLANG_WARN_OBJC_ROOT_CLASS = YES_ERROR;
				CLANG_WARN_RANGE_LOOP_ANALYSIS = YES;
				CLANG_WARN_STRICT_PROTOTYPES = YES;
				CLANG_WARN_SUSPICIOUS_MOVE = YES;
				CLANG_WARN_UNGUARDED_AVAILABILITY = YES_AGGRESSIVE;
				CLANG_WARN_UNREACHABLE_CODE = YES;
				CLANG_WARN__DUPLICATE_METHOD_MATCH = YES;
				CODE_SIGN_IDENTITY = "iPhone Developer";
				COPY_PHASE_STRIP = NO;
				DEBUG_INFORMATION_FORMAT = dwarf;
				ENABLE_STRICT_OBJC_MSGSEND = YES;
				ENABLE_TESTABILITY = YES;
				GCC_C_LANGUAGE_STANDARD = gnu11;
				GCC_DYNAMIC_NO_PIC = NO;
				GCC_NO_COMMON_BLOCKS = YES;
				GCC_OPTIMIZATION_LEVEL = 0;
				GCC_PREPROCESSOR_DEFINITIONS = (
					"DEBUG=1",
					"$(inherited)",
				);
				GCC_WARN_64_TO_32_BIT_CONVERSION = YES;
				GCC_WARN_ABOUT_RETURN_TYPE = YES_ERROR;
				GCC_WARN_UNDECLARED_SELECTOR = YES;
				GCC_WARN_UNINITIALIZED_AUTOS = YES_AGGRESSIVE;
				GCC_WARN_UNUSED_FUNCTION = YES;
				GCC_WARN_UNUSED_VARIABLE = YES;
				IPHONEOS_DEPLOYMENT_TARGET = 11.3;
				MTL_ENABLE_DEBUG_INFO = YES;
				ONLY_ACTIVE_ARCH = YES;
				SDKROOT = iphoneos;
				SWIFT_ACTIVE_COMPILATION_CONDITIONS = DEBUG;
				SWIFT_OPTIMIZATION_LEVEL = "-Onone";
			};
			name = Debug;
		};
		0181C2412146677100E9F821 /* Release */ = {
			isa = XCBuildConfiguration;
			buildSettings = {
				ALWAYS_SEARCH_USER_PATHS = NO;
				CLANG_ANALYZER_NONNULL = YES;
				CLANG_ANALYZER_NUMBER_OBJECT_CONVERSION = YES_AGGRESSIVE;
				CLANG_CXX_LANGUAGE_STANDARD = "gnu++14";
				CLANG_CXX_LIBRARY = "libc++";
				CLANG_ENABLE_MODULES = YES;
				CLANG_ENABLE_OBJC_ARC = YES;
				CLANG_ENABLE_OBJC_WEAK = YES;
				CLANG_WARN_BLOCK_CAPTURE_AUTORELEASING = YES;
				CLANG_WARN_BOOL_CONVERSION = YES;
				CLANG_WARN_COMMA = YES;
				CLANG_WARN_CONSTANT_CONVERSION = YES;
				CLANG_WARN_DEPRECATED_OBJC_IMPLEMENTATIONS = YES;
				CLANG_WARN_DIRECT_OBJC_ISA_USAGE = YES_ERROR;
				CLANG_WARN_DOCUMENTATION_COMMENTS = YES;
				CLANG_WARN_EMPTY_BODY = YES;
				CLANG_WARN_ENUM_CONVERSION = YES;
				CLANG_WARN_INFINITE_RECURSION = YES;
				CLANG_WARN_INT_CONVERSION = YES;
				CLANG_WARN_NON_LITERAL_NULL_CONVERSION = YES;
				CLANG_WARN_OBJC_IMPLICIT_RETAIN_SELF = YES;
				CLANG_WARN_OBJC_LITERAL_CONVERSION = YES;
				CLANG_WARN_OBJC_ROOT_CLASS = YES_ERROR;
				CLANG_WARN_RANGE_LOOP_ANALYSIS = YES;
				CLANG_WARN_STRICT_PROTOTYPES = YES;
				CLANG_WARN_SUSPICIOUS_MOVE = YES;
				CLANG_WARN_UNGUARDED_AVAILABILITY = YES_AGGRESSIVE;
				CLANG_WARN_UNREACHABLE_CODE = YES;
				CLANG_WARN__DUPLICATE_METHOD_MATCH = YES;
				CODE_SIGN_IDENTITY = "iPhone Developer";
				COPY_PHASE_STRIP = NO;
				DEBUG_INFORMATION_FORMAT = "dwarf-with-dsym";
				ENABLE_NS_ASSERTIONS = NO;
				ENABLE_STRICT_OBJC_MSGSEND = YES;
				GCC_C_LANGUAGE_STANDARD = gnu11;
				GCC_NO_COMMON_BLOCKS = YES;
				GCC_WARN_64_TO_32_BIT_CONVERSION = YES;
				GCC_WARN_ABOUT_RETURN_TYPE = YES_ERROR;
				GCC_WARN_UNDECLARED_SELECTOR = YES;
				GCC_WARN_UNINITIALIZED_AUTOS = YES_AGGRESSIVE;
				GCC_WARN_UNUSED_FUNCTION = YES;
				GCC_WARN_UNUSED_VARIABLE = YES;
				IPHONEOS_DEPLOYMENT_TARGET = 11.3;
				MTL_ENABLE_DEBUG_INFO = NO;
				SDKROOT = iphoneos;
				SWIFT_COMPILATION_MODE = wholemodule;
				SWIFT_OPTIMIZATION_LEVEL = "-O";
				VALIDATE_PRODUCT = YES;
			};
			name = Release;
		};
		0181C2432146677100E9F821 /* Debug */ = {
			isa = XCBuildConfiguration;
			baseConfigurationReference = 1B43622DD635B0FB64849E7D /* Pods-Evrika.debug.xcconfig */;
			buildSettings = {
				ASSETCATALOG_COMPILER_APPICON_NAME = AppIcon;
				CODE_SIGN_STYLE = Automatic;
				DEVELOPMENT_TEAM = NM77U4UM9Y;
				INFOPLIST_FILE = Evrika/Info.plist;
				LD_RUNPATH_SEARCH_PATHS = (
					"$(inherited)",
					"@executable_path/Frameworks",
				);
				PRODUCT_BUNDLE_IDENTIFIER = talentcenter.Evrika;
				PRODUCT_NAME = "$(TARGET_NAME)";
				SWIFT_VERSION = 4.0;
				TARGETED_DEVICE_FAMILY = "1,2";
			};
			name = Debug;
		};
		0181C2442146677100E9F821 /* Release */ = {
			isa = XCBuildConfiguration;
			baseConfigurationReference = 268A3950B1AFD553AE9EA0F0 /* Pods-Evrika.release.xcconfig */;
			buildSettings = {
				ASSETCATALOG_COMPILER_APPICON_NAME = AppIcon;
				CODE_SIGN_STYLE = Automatic;
				DEVELOPMENT_TEAM = NM77U4UM9Y;
				INFOPLIST_FILE = Evrika/Info.plist;
				LD_RUNPATH_SEARCH_PATHS = (
					"$(inherited)",
					"@executable_path/Frameworks",
				);
				PRODUCT_BUNDLE_IDENTIFIER = talentcenter.Evrika;
				PRODUCT_NAME = "$(TARGET_NAME)";
				SWIFT_VERSION = 4.0;
				TARGETED_DEVICE_FAMILY = "1,2";
			};
			name = Release;
		};
/* End XCBuildConfiguration section */

/* Begin XCConfigurationList section */
		0181C2282146676F00E9F821 /* Build configuration list for PBXProject "Evrika" */ = {
			isa = XCConfigurationList;
			buildConfigurations = (
				0181C2402146677100E9F821 /* Debug */,
				0181C2412146677100E9F821 /* Release */,
			);
			defaultConfigurationIsVisible = 0;
			defaultConfigurationName = Release;
		};
		0181C2422146677100E9F821 /* Build configuration list for PBXNativeTarget "Evrika" */ = {
			isa = XCConfigurationList;
			buildConfigurations = (
				0181C2432146677100E9F821 /* Debug */,
				0181C2442146677100E9F821 /* Release */,
			);
			defaultConfigurationIsVisible = 0;
			defaultConfigurationName = Release;
		};
/* End XCConfigurationList section */

/* Begin XCVersionGroup section */
		0181C2372146677000E9F821 /* Evrika.xcdatamodeld */ = {
			isa = XCVersionGroup;
			children = (
				0181C2382146677000E9F821 /* Evrika.xcdatamodel */,
			);
			currentVersion = 0181C2382146677000E9F821 /* Evrika.xcdatamodel */;
			path = Evrika.xcdatamodeld;
			sourceTree = "<group>";
			versionGroupType = wrapper.xcdatamodel;
		};
/* End XCVersionGroup section */
	};
	rootObject = 0181C2252146676F00E9F821 /* Project object */;
}
